
Microsoft Visual Studio Solution File, Format Version 12.00
# Visual Studio Version 16
VisualStudioVersion = 16.0.29306.81
MinimumVisualStudioVersion = 10.0.40219.1
Project("{FAE04EC0-301F-11D3-BF4B-00C04F79EFBC}") = "SpamDetection", "SpamDetection.csproj", "{939B66B1-C22A-4E68-A26A-76D2BC2CDD35}"
EndProject
Global
	GlobalSection(SolutionConfigurationPlatforms) = preSolution
		Debug|Any CPU = Debug|Any CPU
		Release|Any CPU = Release|Any CPU
	EndGlobalSection
	GlobalSection(ProjectConfigurationPlatforms) = postSolution
		{939B66B1-C22A-4E68-A26A-76D2BC2CDD35}.Debug|Any CPU.ActiveCfg = Debug|Any CPU
		{939B66B1-C22A-4E68-A26A-76D2BC2CDD35}.Debug|Any CPU.Build.0 = Debug|Any CPU
		{939B66B1-C22A-4E68-A26A-76D2BC2CDD35}.Release|Any CPU.ActiveCfg = Release|Any CPU
		{939B66B1-C22A-4E68-A26A-76D2BC2CDD35}.Release|Any CPU.Build.0 = Release|Any CPU
	EndGlobalSection
	GlobalSection(SolutionProperties) = preSolution
		HideSolutionNode = FALSE
	EndGlobalSection
	GlobalSection(ExtensibilityGlobals) = postSolution
		SolutionGuid = {76702EE4-43E9-4909-B8A9-0482857F2371}
	EndGlobalSection
EndGlobal
