
Microsoft Visual Studio Solution File, Format Version 12.00
# Visual Studio Version 16
VisualStudioVersion = 16.0.29306.81
MinimumVisualStudioVersion = 10.0.40219.1
Project("{FAE04EC0-301F-11D3-BF4B-00C04F79EFBC}") = "BinaryClassification", "BinaryClassification.csproj", "{06FC83AF-6983-4132-9981-C8234B9FF67F}"
EndProject
Global
	GlobalSection(SolutionConfigurationPlatforms) = preSolution
		Debug|Any CPU = Debug|Any CPU
		Release|Any CPU = Release|Any CPU
	EndGlobalSection
	GlobalSection(ProjectConfigurationPlatforms) = postSolution
		{06FC83AF-6983-4132-9981-C8234B9FF67F}.Debug|Any CPU.ActiveCfg = Debug|Any CPU
		{06FC83AF-6983-4132-9981-C8234B9FF67F}.Debug|Any CPU.Build.0 = Debug|Any CPU
		{06FC83AF-6983-4132-9981-C8234B9FF67F}.Release|Any CPU.ActiveCfg = Release|Any CPU
		{06FC83AF-6983-4132-9981-C8234B9FF67F}.Release|Any CPU.Build.0 = Release|Any CPU
	EndGlobalSection
	GlobalSection(SolutionProperties) = preSolution
		HideSolutionNode = FALSE
	EndGlobalSection
	GlobalSection(ExtensibilityGlobals) = postSolution
		SolutionGuid = {5D3CD64D-78BF-4B2F-B127-CB69C59DB7B8}
	EndGlobalSection
EndGlobal
